{
  "nodes": {
    "buttercup": {
      "flake": false,
      "locked": {
        "lastModified": 1672167465,
        "narHash": "sha256-bS62HrpEvpehEs5r5Q+YrJIUiGBpCnVs0oQLbMgUUkY=",
        "owner": "jorgenschaefer",
        "repo": "emacs-buttercup",
        "rev": "21ded874f7af380b593776eac06a87cf7f7ae439",
        "type": "github"
      },
      "original": {
        "owner": "jorgenschaefer",
        "repo": "emacs-buttercup",
        "type": "github"
      }
    },
    "compat": {
      "flake": false,
      "locked": {
        "lastModified": 1672796635,
        "narHash": "sha256-oc9HY10sljDb0sEVsRIliUEN38bm/n4EpGWsUF+/o9o=",
        "ref": "refs/heads/master",
        "rev": "3ee973db10e7c52fe4d2dbcc871725162d7f0b3c",
        "revCount": 596,
        "type": "git",
        "url": "https://git.sr.ht/~pkal/compat"
      },
      "original": {
        "type": "git",
        "url": "https://git.sr.ht/~pkal/compat"
      }
    },
    "consult": {
      "flake": false,
      "locked": {
        "lastModified": 1672677958,
        "narHash": "sha256-v3CVoUJeRJtP9AivEvI92VYkHWgDNTHdhwZP+nIg3kk=",
        "owner": "minad",
        "repo": "consult",
        "rev": "201e46a911820d85db7670f93b2df50c4941303e",
        "type": "github"
      },
      "original": {
        "owner": "minad",
        "repo": "consult",
        "type": "github"
      }
    },
    "consult-org-nlink": {
      "flake": false,
      "locked": {
        "lastModified": 1671479606,
        "narHash": "sha256-bT2FCjZf5GVzTwhzfPKWEanQu6yiS91cbbNqBdoEsMk=",
        "owner": "akirak",
        "repo": "org-nlink.el",
        "rev": "dc646fba8a255431a96e355a8d88f01309b081bb",
        "type": "github"
      },
      "original": {
        "owner": "akirak",
        "repo": "org-nlink.el",
        "type": "github"
      }
    },
    "org-nlink": {
      "flake": false,
      "locked": {
        "lastModified": 1671479606,
        "narHash": "sha256-bT2FCjZf5GVzTwhzfPKWEanQu6yiS91cbbNqBdoEsMk=",
        "owner": "akirak",
        "repo": "org-nlink.el",
        "rev": "dc646fba8a255431a96e355a8d88f01309b081bb",
        "type": "github"
      },
      "original": {
        "owner": "akirak",
        "repo": "org-nlink.el",
        "type": "github"
      }
    },
    "root": {
      "inputs": {
        "buttercup": "buttercup",
        "compat": "compat",
        "consult": "consult",
        "consult-org-nlink": "consult-org-nlink",
        "org-nlink": "org-nlink"
      }
    }
  },
  "root": "root",
  "version": 7
}
